
Microsoft Visual Studio Solution File, Format Version 12.00
# Visual Studio Version 17
VisualStudioVersion = 17.5.002.0
MinimumVisualStudioVersion = 10.0.40219.1
Project("{2150E333-8FDC-42A3-9474-1A3956D46DE8}") = "BlazorApp", "BlazorApp", "{75072D17-E0A1-4D56-B76A-20282E6EF594}"
EndProject
Project("{9A19103F-16F7-4668-BE54-9A1E7A4F7556}") = "MT.Client", "BlazorApp\MT.Client\MT.Client.csproj", "{C55E78DB-9EF4-40D6-BBB3-FE14BD42CA30}"
EndProject
Project("{9A19103F-16F7-4668-BE54-9A1E7A4F7556}") = "MT.Server", "BlazorApp\MT.Server\MT.Server.csproj", "{64BFE274-FC12-4608-B025-C4E70F42CDF0}"
EndProject
Project("{9A19103F-16F7-4668-BE54-9A1E7A4F7556}") = "MT.Shared", "BlazorApp\MT.Shared\MT.Shared.csproj", "{A781BF47-A373-4DE3-8784-8403D1D45732}"
EndProject
Global
	GlobalSection(SolutionConfigurationPlatforms) = preSolution
		Debug|Any CPU = Debug|Any CPU
		Release|Any CPU = Release|Any CPU
	EndGlobalSection
	GlobalSection(ProjectConfigurationPlatforms) = postSolution
		{C55E78DB-9EF4-40D6-BBB3-FE14BD42CA30}.Debug|Any CPU.ActiveCfg = Debug|Any CPU
		{C55E78DB-9EF4-40D6-BBB3-FE14BD42CA30}.Debug|Any CPU.Build.0 = Debug|Any CPU
		{C55E78DB-9EF4-40D6-BBB3-FE14BD42CA30}.Release|Any CPU.ActiveCfg = Release|Any CPU
		{C55E78DB-9EF4-40D6-BBB3-FE14BD42CA30}.Release|Any CPU.Build.0 = Release|Any CPU
		{64BFE274-FC12-4608-B025-C4E70F42CDF0}.Debug|Any CPU.ActiveCfg = Debug|Any CPU
		{64BFE274-FC12-4608-B025-C4E70F42CDF0}.Debug|Any CPU.Build.0 = Debug|Any CPU
		{64BFE274-FC12-4608-B025-C4E70F42CDF0}.Release|Any CPU.ActiveCfg = Release|Any CPU
		{64BFE274-FC12-4608-B025-C4E70F42CDF0}.Release|Any CPU.Build.0 = Release|Any CPU
		{A781BF47-A373-4DE3-8784-8403D1D45732}.Debug|Any CPU.ActiveCfg = Debug|Any CPU
		{A781BF47-A373-4DE3-8784-8403D1D45732}.Debug|Any CPU.Build.0 = Debug|Any CPU
		{A781BF47-A373-4DE3-8784-8403D1D45732}.Release|Any CPU.ActiveCfg = Release|Any CPU
		{A781BF47-A373-4DE3-8784-8403D1D45732}.Release|Any CPU.Build.0 = Release|Any CPU
	EndGlobalSection
	GlobalSection(SolutionProperties) = preSolution
		HideSolutionNode = FALSE
	EndGlobalSection
	GlobalSection(NestedProjects) = preSolution
		{C55E78DB-9EF4-40D6-BBB3-FE14BD42CA30} = {75072D17-E0A1-4D56-B76A-20282E6EF594}
		{64BFE274-FC12-4608-B025-C4E70F42CDF0} = {75072D17-E0A1-4D56-B76A-20282E6EF594}
		{A781BF47-A373-4DE3-8784-8403D1D45732} = {75072D17-E0A1-4D56-B76A-20282E6EF594}
	EndGlobalSection
	GlobalSection(ExtensibilityGlobals) = postSolution
		SolutionGuid = {EB96D21B-F418-4BEE-8015-38AB534D3A74}
	EndGlobalSection
EndGlobal
